
Microsoft Visual Studio Solution File, Format Version 12.00
# Visual Studio Version 17
VisualStudioVersion = 17.7.34024.191
MinimumVisualStudioVersion = 10.0.40219.1
Project("{FAE04EC0-301F-11D3-BF4B-00C04F79EFBC}") = "AlgoritmosNLogN", "AlgoritmosNLogN\AlgoritmosNLogN.csproj", "{D249D0E1-1C96-489F-905B-D917B863CD8F}"
EndProject
Global
	GlobalSection(SolutionConfigurationPlatforms) = preSolution
		Debug|Any CPU = Debug|Any CPU
		Release|Any CPU = Release|Any CPU
	EndGlobalSection
	GlobalSection(ProjectConfigurationPlatforms) = postSolution
		{D249D0E1-1C96-489F-905B-D917B863CD8F}.Debug|Any CPU.ActiveCfg = Debug|Any CPU
		{D249D0E1-1C96-489F-905B-D917B863CD8F}.Debug|Any CPU.Build.0 = Debug|Any CPU
		{D249D0E1-1C96-489F-905B-D917B863CD8F}.Release|Any CPU.ActiveCfg = Release|Any CPU
		{D249D0E1-1C96-489F-905B-D917B863CD8F}.Release|Any CPU.Build.0 = Release|Any CPU
	EndGlobalSection
	GlobalSection(SolutionProperties) = preSolution
		HideSolutionNode = FALSE
	EndGlobalSection
	GlobalSection(ExtensibilityGlobals) = postSolution
		SolutionGuid = {91084292-610E-4D31-ADC8-9F410FF9CF4B}
	EndGlobalSection
EndGlobal
